// !$*UTF8*$!
{
	archiveVersion = 1;
	classes = {
	};
	objectVersion = 51;
	objects = {

/* Begin PBXBuildFile section */
		38D30A0F37D7683AA40E300B /* Pods_COVID_19_HELPER.framework in Frameworks */ = {isa = PBXBuildFile; fileRef = 83497513EA8C5E82FD0B0D33 /* Pods_COVID_19_HELPER.framework */; };
		DE21EA9B273CD888004420ED /* UseCollection.swift in Sources */ = {isa = PBXBuildFile; fileRef = DE21EA9A273CD888004420ED /* UseCollection.swift */; };
		DE21EA9F273CD90F004420ED /* NoticeTableTitleCell.swift in Sources */ = {isa = PBXBuildFile; fileRef = DE21EA9E273CD90F004420ED /* NoticeTableTitleCell.swift */; };
		DE21EAA1273CDC95004420ED /* NoticeTableContentCell.swift in Sources */ = {isa = PBXBuildFile; fileRef = DE21EAA0273CDC95004420ED /* NoticeTableContentCell.swift */; };
		DE21EAA3273CE2C5004420ED /* Notice.swift in Sources */ = {isa = PBXBuildFile; fileRef = DE21EAA2273CE2C5004420ED /* Notice.swift */; };
		DE3A25882733C210003CB743 /* NoticeViewController.swift in Sources */ = {isa = PBXBuildFile; fileRef = DE3A25872733C210003CB743 /* NoticeViewController.swift */; };
		DE3A258A2733C235003CB743 /* HowToUseViewController.swift in Sources */ = {isa = PBXBuildFile; fileRef = DE3A25892733C235003CB743 /* HowToUseViewController.swift */; };
		DE3A258C2733C253003CB743 /* LicenseViewController.swift in Sources */ = {isa = PBXBuildFile; fileRef = DE3A258B2733C253003CB743 /* LicenseViewController.swift */; };
		DE3B57642716A3B100378BDC /* campaign in Resources */ = {isa = PBXBuildFile; fileRef = DE3B57632716A3B100378BDC /* campaign */; };
		DE3B57662716A3D000378BDC /* menu in Resources */ = {isa = PBXBuildFile; fileRef = DE3B57652716A3D000378BDC /* menu */; };
		DE3B57682716A3D800378BDC /* help_outline in Resources */ = {isa = PBXBuildFile; fileRef = DE3B57672716A3D800378BDC /* help_outline */; };
		DE46BE5E271D845F005EA932 /* NewsViewController.swift in Sources */ = {isa = PBXBuildFile; fileRef = DE46BE5D271D845F005EA932 /* NewsViewController.swift */; };
		DE46BE60271D84CF005EA932 /* NewsTableViewCell.swift in Sources */ = {isa = PBXBuildFile; fileRef = DE46BE5F271D84CF005EA932 /* NewsTableViewCell.swift */; };
		DE503D9E2733D4030093E9A6 /* notmy.mp4 in Resources */ = {isa = PBXBuildFile; fileRef = DE503D9D2733D4030093E9A6 /* notmy.mp4 */; };
		DE503DA02734F5230093E9A6 /* EasterEggViewController.swift in Sources */ = {isa = PBXBuildFile; fileRef = DE503D9F2734F5230093E9A6 /* EasterEggViewController.swift */; };
		DE5CE672274243CB00AFB6AC /* GeneralForumViewController.swift in Sources */ = {isa = PBXBuildFile; fileRef = DE5CE671274243CB00AFB6AC /* GeneralForumViewController.swift */; };
		DE5CE67427432DE400AFB6AC /* GeneralForumTableViewCell.swift in Sources */ = {isa = PBXBuildFile; fileRef = DE5CE67327432DE400AFB6AC /* GeneralForumTableViewCell.swift */; };
		DE5CE6762743303400AFB6AC /* GeneralForum.swift in Sources */ = {isa = PBXBuildFile; fileRef = DE5CE6752743303400AFB6AC /* GeneralForum.swift */; };
		DE6B92D8271406D4004B94D3 /* SideMenuTableViewCell.swift in Sources */ = {isa = PBXBuildFile; fileRef = DE6B92D7271406D4004B94D3 /* SideMenuTableViewCell.swift */; };
		DE6B92DA271407A3004B94D3 /* SideMenuController.swift in Sources */ = {isa = PBXBuildFile; fileRef = DE6B92D9271407A3004B94D3 /* SideMenuController.swift */; };
		DE6B92DC271417A3004B94D3 /* Covid.swift in Sources */ = {isa = PBXBuildFile; fileRef = DE6B92DB271417A3004B94D3 /* Covid.swift */; };
		DE7422E62733B1F7007567FD /* LoadingView.swift in Sources */ = {isa = PBXBuildFile; fileRef = DE7422E52733B1F7007567FD /* LoadingView.swift */; };
		DE7ABA0327292DD300AC4F83 /* Vaccine.swift in Sources */ = {isa = PBXBuildFile; fileRef = DE7ABA0227292DD300AC4F83 /* Vaccine.swift */; };
		DE7C0E602727F45900DE0401 /* VaccineViewController.swift in Sources */ = {isa = PBXBuildFile; fileRef = DE7C0E5F2727F45900DE0401 /* VaccineViewController.swift */; };
		DE8B756E2730DB5D004ACED8 /* SwitchButton.swift in Sources */ = {isa = PBXBuildFile; fileRef = DE8B756D2730DB5D004ACED8 /* SwitchButton.swift */; };
		DE934DA7274399A2002EA761 /* DetailForumViewController.swift in Sources */ = {isa = PBXBuildFile; fileRef = DE934DA6274399A2002EA761 /* DetailForumViewController.swift */; };
		DE934DA927439FE1002EA761 /* DetailBoard.swift in Sources */ = {isa = PBXBuildFile; fileRef = DE934DA827439FE1002EA761 /* DetailBoard.swift */; };
		DE934DAB2743A678002EA761 /* BoardHeader.swift in Sources */ = {isa = PBXBuildFile; fileRef = DE934DAA2743A678002EA761 /* BoardHeader.swift */; };
		DEA2F4C5271C28C200261A19 /* City.swift in Sources */ = {isa = PBXBuildFile; fileRef = DEA2F4C4271C28C200261A19 /* City.swift */; };
		DED1E5AF27118742006EA09D /* AppDelegate.swift in Sources */ = {isa = PBXBuildFile; fileRef = DED1E5AE27118742006EA09D /* AppDelegate.swift */; };
		DED1E5B127118742006EA09D /* SceneDelegate.swift in Sources */ = {isa = PBXBuildFile; fileRef = DED1E5B027118742006EA09D /* SceneDelegate.swift */; };
		DED1E5B327118742006EA09D /* MainViewController.swift in Sources */ = {isa = PBXBuildFile; fileRef = DED1E5B227118742006EA09D /* MainViewController.swift */; };
		DED1E5B627118742006EA09D /* Main.storyboard in Resources */ = {isa = PBXBuildFile; fileRef = DED1E5B427118742006EA09D /* Main.storyboard */; };
		DED1E5B827118743006EA09D /* Assets.xcassets in Resources */ = {isa = PBXBuildFile; fileRef = DED1E5B727118743006EA09D /* Assets.xcassets */; };
		DED1E5BB27118743006EA09D /* LaunchScreen.storyboard in Resources */ = {isa = PBXBuildFile; fileRef = DED1E5B927118743006EA09D /* LaunchScreen.storyboard */; };
		DED28005271D8936001DC2E7 /* News.swift in Sources */ = {isa = PBXBuildFile; fileRef = DED28004271D8936001DC2E7 /* News.swift */; };
		DEFA3642272A73D80050478C /* Center.swift in Sources */ = {isa = PBXBuildFile; fileRef = DEFA3641272A73D80050478C /* Center.swift */; };
/* End PBXBuildFile section */

/* Begin PBXFileReference section */
		36075972A01DB1DA3EA675AE /* Pods-COVID-19_HELPER.release.xcconfig */ = {isa = PBXFileReference; includeInIndex = 1; lastKnownFileType = text.xcconfig; name = "Pods-COVID-19_HELPER.release.xcconfig"; path = "Target Support Files/Pods-COVID-19_HELPER/Pods-COVID-19_HELPER.release.xcconfig"; sourceTree = "<group>"; };
		83497513EA8C5E82FD0B0D33 /* Pods_COVID_19_HELPER.framework */ = {isa = PBXFileReference; explicitFileType = wrapper.framework; includeInIndex = 0; path = Pods_COVID_19_HELPER.framework; sourceTree = BUILT_PRODUCTS_DIR; };
		BEF412341FC8EEA00AB155D7 /* Pods-COVID-19_HELPER.debug.xcconfig */ = {isa = PBXFileReference; includeInIndex = 1; lastKnownFileType = text.xcconfig; name = "Pods-COVID-19_HELPER.debug.xcconfig"; path = "Target Support Files/Pods-COVID-19_HELPER/Pods-COVID-19_HELPER.debug.xcconfig"; sourceTree = "<group>"; };
		DE21EA9A273CD888004420ED /* UseCollection.swift */ = {isa = PBXFileReference; lastKnownFileType = sourcecode.swift; path = UseCollection.swift; sourceTree = "<group>"; };
		DE21EA9E273CD90F004420ED /* NoticeTableTitleCell.swift */ = {isa = PBXFileReference; lastKnownFileType = sourcecode.swift; path = NoticeTableTitleCell.swift; sourceTree = "<group>"; };
		DE21EAA0273CDC95004420ED /* NoticeTableContentCell.swift */ = {isa = PBXFileReference; lastKnownFileType = sourcecode.swift; path = NoticeTableContentCell.swift; sourceTree = "<group>"; };
		DE21EAA2273CE2C5004420ED /* Notice.swift */ = {isa = PBXFileReference; lastKnownFileType = sourcecode.swift; path = Notice.swift; sourceTree = "<group>"; };
		DE3A25872733C210003CB743 /* NoticeViewController.swift */ = {isa = PBXFileReference; lastKnownFileType = sourcecode.swift; path = NoticeViewController.swift; sourceTree = "<group>"; };
		DE3A25892733C235003CB743 /* HowToUseViewController.swift */ = {isa = PBXFileReference; lastKnownFileType = sourcecode.swift; path = HowToUseViewController.swift; sourceTree = "<group>"; };
		DE3A258B2733C253003CB743 /* LicenseViewController.swift */ = {isa = PBXFileReference; lastKnownFileType = sourcecode.swift; path = LicenseViewController.swift; sourceTree = "<group>"; };
		DE3B57632716A3B100378BDC /* campaign */ = {isa = PBXFileReference; lastKnownFileType = folder; path = campaign; sourceTree = "<group>"; };
		DE3B57652716A3D000378BDC /* menu */ = {isa = PBXFileReference; lastKnownFileType = folder; path = menu; sourceTree = "<group>"; };
		DE3B57672716A3D800378BDC /* help_outline */ = {isa = PBXFileReference; lastKnownFileType = folder; path = help_outline; sourceTree = "<group>"; };
		DE3B57692716A5D900378BDC /* help_outline */ = {isa = PBXFileReference; lastKnownFileType = folder; name = help_outline; path = "COVID-19_HELPER/help_outline"; sourceTree = "<group>"; };
		DE46BE5D271D845F005EA932 /* NewsViewController.swift */ = {isa = PBXFileReference; lastKnownFileType = sourcecode.swift; path = NewsViewController.swift; sourceTree = "<group>"; };
		DE46BE5F271D84CF005EA932 /* NewsTableViewCell.swift */ = {isa = PBXFileReference; lastKnownFileType = sourcecode.swift; path = NewsTableViewCell.swift; sourceTree = "<group>"; };
		DE503D9D2733D4030093E9A6 /* notmy.mp4 */ = {isa = PBXFileReference; lastKnownFileType = file; path = notmy.mp4; sourceTree = "<group>"; };
		DE503D9F2734F5230093E9A6 /* EasterEggViewController.swift */ = {isa = PBXFileReference; lastKnownFileType = sourcecode.swift; path = EasterEggViewController.swift; sourceTree = "<group>"; };
		DE5CE671274243CB00AFB6AC /* GeneralForumViewController.swift */ = {isa = PBXFileReference; lastKnownFileType = sourcecode.swift; name = GeneralForumViewController.swift; path = "COVID-19_HELPER/Assets.xcassets/GeneralForumViewController.swift"; sourceTree = SOURCE_ROOT; };
		DE5CE67327432DE400AFB6AC /* GeneralForumTableViewCell.swift */ = {isa = PBXFileReference; lastKnownFileType = sourcecode.swift; path = GeneralForumTableViewCell.swift; sourceTree = "<group>"; };
		DE5CE6752743303400AFB6AC /* GeneralForum.swift */ = {isa = PBXFileReference; lastKnownFileType = sourcecode.swift; path = GeneralForum.swift; sourceTree = "<group>"; };
		DE6B92D7271406D4004B94D3 /* SideMenuTableViewCell.swift */ = {isa = PBXFileReference; lastKnownFileType = sourcecode.swift; path = SideMenuTableViewCell.swift; sourceTree = "<group>"; };
		DE6B92D9271407A3004B94D3 /* SideMenuController.swift */ = {isa = PBXFileReference; lastKnownFileType = sourcecode.swift; path = SideMenuController.swift; sourceTree = "<group>"; };
		DE6B92DB271417A3004B94D3 /* Covid.swift */ = {isa = PBXFileReference; lastKnownFileType = sourcecode.swift; path = Covid.swift; sourceTree = "<group>"; };
		DE7422E52733B1F7007567FD /* LoadingView.swift */ = {isa = PBXFileReference; fileEncoding = 4; lastKnownFileType = sourcecode.swift; path = LoadingView.swift; sourceTree = "<group>"; };
		DE7ABA0227292DD300AC4F83 /* Vaccine.swift */ = {isa = PBXFileReference; lastKnownFileType = sourcecode.swift; path = Vaccine.swift; sourceTree = "<group>"; };
		DE7C0E5F2727F45900DE0401 /* VaccineViewController.swift */ = {isa = PBXFileReference; lastKnownFileType = sourcecode.swift; path = VaccineViewController.swift; sourceTree = "<group>"; };
		DE8B756D2730DB5D004ACED8 /* SwitchButton.swift */ = {isa = PBXFileReference; lastKnownFileType = sourcecode.swift; path = SwitchButton.swift; sourceTree = "<group>"; };
		DE934DA6274399A2002EA761 /* DetailForumViewController.swift */ = {isa = PBXFileReference; lastKnownFileType = sourcecode.swift; path = DetailForumViewController.swift; sourceTree = "<group>"; };
		DE934DA827439FE1002EA761 /* DetailBoard.swift */ = {isa = PBXFileReference; lastKnownFileType = sourcecode.swift; path = DetailBoard.swift; sourceTree = "<group>"; };
		DE934DAA2743A678002EA761 /* BoardHeader.swift */ = {isa = PBXFileReference; lastKnownFileType = sourcecode.swift; path = BoardHeader.swift; sourceTree = "<group>"; };
		DEA2F4C4271C28C200261A19 /* City.swift */ = {isa = PBXFileReference; lastKnownFileType = sourcecode.swift; path = City.swift; sourceTree = "<group>"; };
		DED1E5AB27118742006EA09D /* COVID-19_HELPER.app */ = {isa = PBXFileReference; explicitFileType = wrapper.application; includeInIndex = 0; path = "COVID-19_HELPER.app"; sourceTree = BUILT_PRODUCTS_DIR; };
		DED1E5AE27118742006EA09D /* AppDelegate.swift */ = {isa = PBXFileReference; lastKnownFileType = sourcecode.swift; path = AppDelegate.swift; sourceTree = "<group>"; };
		DED1E5B027118742006EA09D /* SceneDelegate.swift */ = {isa = PBXFileReference; lastKnownFileType = sourcecode.swift; path = SceneDelegate.swift; sourceTree = "<group>"; };
		DED1E5B227118742006EA09D /* MainViewController.swift */ = {isa = PBXFileReference; lastKnownFileType = sourcecode.swift; path = MainViewController.swift; sourceTree = "<group>"; };
		DED1E5B527118742006EA09D /* Base */ = {isa = PBXFileReference; lastKnownFileType = file.storyboard; name = Base; path = Base.lproj/Main.storyboard; sourceTree = "<group>"; };
		DED1E5B727118743006EA09D /* Assets.xcassets */ = {isa = PBXFileReference; lastKnownFileType = folder.assetcatalog; path = Assets.xcassets; sourceTree = "<group>"; };
		DED1E5BA27118743006EA09D /* Base */ = {isa = PBXFileReference; lastKnownFileType = file.storyboard; name = Base; path = Base.lproj/LaunchScreen.storyboard; sourceTree = "<group>"; };
		DED1E5BC27118743006EA09D /* Info.plist */ = {isa = PBXFileReference; lastKnownFileType = text.plist.xml; path = Info.plist; sourceTree = "<group>"; };
		DED28004271D8936001DC2E7 /* News.swift */ = {isa = PBXFileReference; lastKnownFileType = sourcecode.swift; path = News.swift; sourceTree = "<group>"; };
		DEFA3641272A73D80050478C /* Center.swift */ = {isa = PBXFileReference; lastKnownFileType = sourcecode.swift; path = Center.swift; sourceTree = "<group>"; };
/* End PBXFileReference section */

/* Begin PBXFrameworksBuildPhase section */
		DED1E5A827118742006EA09D /* Frameworks */ = {
			isa = PBXFrameworksBuildPhase;
			buildActionMask = 2147483647;
			files = (
				38D30A0F37D7683AA40E300B /* Pods_COVID_19_HELPER.framework in Frameworks */,
			);
			runOnlyForDeploymentPostprocessing = 0;
		};
/* End PBXFrameworksBuildPhase section */

/* Begin PBXGroup section */
		8FFD8BB5026E240FDB8ED99B /* Frameworks */ = {
			isa = PBXGroup;
			children = (
				83497513EA8C5E82FD0B0D33 /* Pods_COVID_19_HELPER.framework */,
			);
			name = Frameworks;
			sourceTree = "<group>";
		};
		98658D6BBE201A4590DF7660 /* Pods */ = {
			isa = PBXGroup;
			children = (
				BEF412341FC8EEA00AB155D7 /* Pods-COVID-19_HELPER.debug.xcconfig */,
				36075972A01DB1DA3EA675AE /* Pods-COVID-19_HELPER.release.xcconfig */,
			);
			path = Pods;
			sourceTree = "<group>";
		};
		DE3B57622716A39C00378BDC /* Image */ = {
			isa = PBXGroup;
			children = (
				DE3B57672716A3D800378BDC /* help_outline */,
				DE3B57652716A3D000378BDC /* menu */,
				DE3B57632716A3B100378BDC /* campaign */,
			);
			name = Image;
			sourceTree = "<group>";
		};
		DE6B92D527140691004B94D3 /* View */ = {
			isa = PBXGroup;
			children = (
				DE6B92D7271406D4004B94D3 /* SideMenuTableViewCell.swift */,
				DE46BE5F271D84CF005EA932 /* NewsTableViewCell.swift */,
				DE8B756D2730DB5D004ACED8 /* SwitchButton.swift */,
				DE7422E52733B1F7007567FD /* LoadingView.swift */,
				DE21EA9A273CD888004420ED /* UseCollection.swift */,
				DE21EA9E273CD90F004420ED /* NoticeTableTitleCell.swift */,
				DE21EAA0273CDC95004420ED /* NoticeTableContentCell.swift */,
				DE5CE67327432DE400AFB6AC /* GeneralForumTableViewCell.swift */,
				DE934DAA2743A678002EA761 /* BoardHeader.swift */,
			);
			path = View;
			sourceTree = "<group>";
		};
		DE6B92D627140695004B94D3 /* Model */ = {
			isa = PBXGroup;
			children = (
				DE6B92DB271417A3004B94D3 /* Covid.swift */,
				DEA2F4C4271C28C200261A19 /* City.swift */,
				DED28004271D8936001DC2E7 /* News.swift */,
				DE7ABA0227292DD300AC4F83 /* Vaccine.swift */,
				DEFA3641272A73D80050478C /* Center.swift */,
				DE21EAA2273CE2C5004420ED /* Notice.swift */,
				DE5CE6752743303400AFB6AC /* GeneralForum.swift */,
				DE934DA827439FE1002EA761 /* DetailBoard.swift */,
			);
			path = Model;
			sourceTree = "<group>";
		};
		DED1E5A227118742006EA09D = {
			isa = PBXGroup;
			children = (
				DE3B57692716A5D900378BDC /* help_outline */,
				DED1E5AD27118742006EA09D /* COVID-19_HELPER */,
				DED1E5AC27118742006EA09D /* Products */,
				98658D6BBE201A4590DF7660 /* Pods */,
				8FFD8BB5026E240FDB8ED99B /* Frameworks */,
			);
			sourceTree = "<group>";
		};
		DED1E5AC27118742006EA09D /* Products */ = {
			isa = PBXGroup;
			children = (
				DED1E5AB27118742006EA09D /* COVID-19_HELPER.app */,
			);
			name = Products;
			sourceTree = "<group>";
		};
		DED1E5AD27118742006EA09D /* COVID-19_HELPER */ = {
			isa = PBXGroup;
			children = (
				DE3B57622716A39C00378BDC /* Image */,
				DE6B92D627140695004B94D3 /* Model */,
				DE6B92D527140691004B94D3 /* View */,
				DEFCF2F627118A6D00CBD6A7 /* Controller */,
				DED1E5AE27118742006EA09D /* AppDelegate.swift */,
				DE503D9D2733D4030093E9A6 /* notmy.mp4 */,
				DED1E5B027118742006EA09D /* SceneDelegate.swift */,
				DED1E5B427118742006EA09D /* Main.storyboard */,
				DED1E5B727118743006EA09D /* Assets.xcassets */,
				DED1E5B927118743006EA09D /* LaunchScreen.storyboard */,
				DED1E5BC27118743006EA09D /* Info.plist */,
			);
			path = "COVID-19_HELPER";
			sourceTree = "<group>";
		};
		DEFCF2F627118A6D00CBD6A7 /* Controller */ = {
			isa = PBXGroup;
			children = (
				DED1E5B227118742006EA09D /* MainViewController.swift */,
				DE6B92D9271407A3004B94D3 /* SideMenuController.swift */,
				DE46BE5D271D845F005EA932 /* NewsViewController.swift */,
				DE7C0E5F2727F45900DE0401 /* VaccineViewController.swift */,
				DE3A25872733C210003CB743 /* NoticeViewController.swift */,
				DE3A25892733C235003CB743 /* HowToUseViewController.swift */,
				DE3A258B2733C253003CB743 /* LicenseViewController.swift */,
				DE503D9F2734F5230093E9A6 /* EasterEggViewController.swift */,
				DE5CE671274243CB00AFB6AC /* GeneralForumViewController.swift */,
				DE934DA6274399A2002EA761 /* DetailForumViewController.swift */,
			);
			path = Controller;
			sourceTree = "<group>";
		};
/* End PBXGroup section */

/* Begin PBXNativeTarget section */
		DED1E5AA27118742006EA09D /* COVID-19_HELPER */ = {
			isa = PBXNativeTarget;
			buildConfigurationList = DED1E5BF27118743006EA09D /* Build configuration list for PBXNativeTarget "COVID-19_HELPER" */;
			buildPhases = (
				8FB013AB58A33FA14BEB9BF7 /* [CP] Check Pods Manifest.lock */,
				DED1E5A727118742006EA09D /* Sources */,
				DED1E5A827118742006EA09D /* Frameworks */,
				DED1E5A927118742006EA09D /* Resources */,
				5ED3791C11E48C7370066269 /* [CP] Embed Pods Frameworks */,
			);
			buildRules = (
			);
			dependencies = (
			);
			name = "COVID-19_HELPER";
			productName = "COVID-19_HELPER";
			productReference = DED1E5AB27118742006EA09D /* COVID-19_HELPER.app */;
			productType = "com.apple.product-type.application";
		};
/* End PBXNativeTarget section */

/* Begin PBXProject section */
		DED1E5A327118742006EA09D /* Project object */ = {
			isa = PBXProject;
			attributes = {
				LastSwiftUpdateCheck = 1250;
				LastUpgradeCheck = 1250;
				TargetAttributes = {
					DED1E5AA27118742006EA09D = {
						CreatedOnToolsVersion = 12.5.1;
					};
				};
			};
			buildConfigurationList = DED1E5A627118742006EA09D /* Build configuration list for PBXProject "COVID-19_HELPER" */;
			compatibilityVersion = "Xcode 9.3";
			developmentRegion = en;
			hasScannedForEncodings = 0;
			knownRegions = (
				en,
				Base,
			);
			mainGroup = DED1E5A227118742006EA09D;
			productRefGroup = DED1E5AC27118742006EA09D /* Products */;
			projectDirPath = "";
			projectRoot = "";
			targets = (
				DED1E5AA27118742006EA09D /* COVID-19_HELPER */,
			);
		};
/* End PBXProject section */

/* Begin PBXResourcesBuildPhase section */
		DED1E5A927118742006EA09D /* Resources */ = {
			isa = PBXResourcesBuildPhase;
			buildActionMask = 2147483647;
			files = (
				DE3B57682716A3D800378BDC /* help_outline in Resources */,
				DE503D9E2733D4030093E9A6 /* notmy.mp4 in Resources */,
				DE3B57662716A3D000378BDC /* menu in Resources */,
				DED1E5BB27118743006EA09D /* LaunchScreen.storyboard in Resources */,
				DED1E5B827118743006EA09D /* Assets.xcassets in Resources */,
				DED1E5B627118742006EA09D /* Main.storyboard in Resources */,
				DE3B57642716A3B100378BDC /* campaign in Resources */,
			);
			runOnlyForDeploymentPostprocessing = 0;
		};
/* End PBXResourcesBuildPhase section */

/* Begin PBXShellScriptBuildPhase section */
		5ED3791C11E48C7370066269 /* [CP] Embed Pods Frameworks */ = {
			isa = PBXShellScriptBuildPhase;
			buildActionMask = 12;
			files = (
			);
			inputFileListPaths = (
				"${PODS_ROOT}/Target Support Files/Pods-COVID-19_HELPER/Pods-COVID-19_HELPER-frameworks-${CONFIGURATION}-input-files.xcfilelist",
			);
			name = "[CP] Embed Pods Frameworks";
			outputFileListPaths = (
				"${PODS_ROOT}/Target Support Files/Pods-COVID-19_HELPER/Pods-COVID-19_HELPER-frameworks-${CONFIGURATION}-output-files.xcfilelist",
			);
			runOnlyForDeploymentPostprocessing = 0;
			shellPath = /bin/sh;
			shellScript = "\"${PODS_ROOT}/Target Support Files/Pods-COVID-19_HELPER/Pods-COVID-19_HELPER-frameworks.sh\"\n";
			showEnvVarsInLog = 0;
		};
		8FB013AB58A33FA14BEB9BF7 /* [CP] Check Pods Manifest.lock */ = {
			isa = PBXShellScriptBuildPhase;
			buildActionMask = 2147483647;
			files = (
			);
			inputFileListPaths = (
			);
			inputPaths = (
				"${PODS_PODFILE_DIR_PATH}/Podfile.lock",
				"${PODS_ROOT}/Manifest.lock",
			);
			name = "[CP] Check Pods Manifest.lock";
			outputFileListPaths = (
			);
			outputPaths = (
				"$(DERIVED_FILE_DIR)/Pods-COVID-19_HELPER-checkManifestLockResult.txt",
			);
			runOnlyForDeploymentPostprocessing = 0;
			shellPath = /bin/sh;
			shellScript = "diff \"${PODS_PODFILE_DIR_PATH}/Podfile.lock\" \"${PODS_ROOT}/Manifest.lock\" > /dev/null\nif [ $? != 0 ] ; then\n    # print error to STDERR\n    echo \"error: The sandbox is not in sync with the Podfile.lock. Run 'pod install' or update your CocoaPods installation.\" >&2\n    exit 1\nfi\n# This output is used by Xcode 'outputs' to avoid re-running this script phase.\necho \"SUCCESS\" > \"${SCRIPT_OUTPUT_FILE_0}\"\n";
			showEnvVarsInLog = 0;
		};
/* End PBXShellScriptBuildPhase section */

/* Begin PBXSourcesBuildPhase section */
		DED1E5A727118742006EA09D /* Sources */ = {
			isa = PBXSourcesBuildPhase;
			buildActionMask = 2147483647;
			files = (
				DE6B92DA271407A3004B94D3 /* SideMenuController.swift in Sources */,
				DE6B92DC271417A3004B94D3 /* Covid.swift in Sources */,
				DE5CE6762743303400AFB6AC /* GeneralForum.swift in Sources */,
				DED1E5B327118742006EA09D /* MainViewController.swift in Sources */,
				DE6B92D8271406D4004B94D3 /* SideMenuTableViewCell.swift in Sources */,
				DE3A258C2733C253003CB743 /* LicenseViewController.swift in Sources */,
				DED1E5AF27118742006EA09D /* AppDelegate.swift in Sources */,
				DE21EAA3273CE2C5004420ED /* Notice.swift in Sources */,
				DED1E5B127118742006EA09D /* SceneDelegate.swift in Sources */,
				DE3A258A2733C235003CB743 /* HowToUseViewController.swift in Sources */,
				DE3A25882733C210003CB743 /* NoticeViewController.swift in Sources */,
				DEA2F4C5271C28C200261A19 /* City.swift in Sources */,
				DE503DA02734F5230093E9A6 /* EasterEggViewController.swift in Sources */,
				DE21EA9F273CD90F004420ED /* NoticeTableTitleCell.swift in Sources */,
				DE21EA9B273CD888004420ED /* UseCollection.swift in Sources */,
				DE934DAB2743A678002EA761 /* BoardHeader.swift in Sources */,
				DE7C0E602727F45900DE0401 /* VaccineViewController.swift in Sources */,
				DE5CE67427432DE400AFB6AC /* GeneralForumTableViewCell.swift in Sources */,
				DE7422E62733B1F7007567FD /* LoadingView.swift in Sources */,
				DE934DA927439FE1002EA761 /* DetailBoard.swift in Sources */,
				DE46BE5E271D845F005EA932 /* NewsViewController.swift in Sources */,
				DE8B756E2730DB5D004ACED8 /* SwitchButton.swift in Sources */,
				DE5CE672274243CB00AFB6AC /* GeneralForumViewController.swift in Sources */,
				DE7ABA0327292DD300AC4F83 /* Vaccine.swift in Sources */,
				DE934DA7274399A2002EA761 /* DetailForumViewController.swift in Sources */,
				DED28005271D8936001DC2E7 /* News.swift in Sources */,
				DE46BE60271D84CF005EA932 /* NewsTableViewCell.swift in Sources */,
				DE21EAA1273CDC95004420ED /* NoticeTableContentCell.swift in Sources */,
				DEFA3642272A73D80050478C /* Center.swift in Sources */,
			);
			runOnlyForDeploymentPostprocessing = 0;
		};
/* End PBXSourcesBuildPhase section */

/* Begin PBXVariantGroup section */
		DED1E5B427118742006EA09D /* Main.storyboard */ = {
			isa = PBXVariantGroup;
			children = (
				DED1E5B527118742006EA09D /* Base */,
			);
			name = Main.storyboard;
			sourceTree = "<group>";
		};
		DED1E5B927118743006EA09D /* LaunchScreen.storyboard */ = {
			isa = PBXVariantGroup;
			children = (
				DED1E5BA27118743006EA09D /* Base */,
			);
			name = LaunchScreen.storyboard;
			sourceTree = "<group>";
		};
/* End PBXVariantGroup section */

/* Begin XCBuildConfiguration section */
		DED1E5BD27118743006EA09D /* Debug */ = {
			isa = XCBuildConfiguration;
			buildSettings = {
				ALWAYS_SEARCH_USER_PATHS = NO;
				CLANG_ANALYZER_NONNULL = YES;
				CLANG_ANALYZER_NUMBER_OBJECT_CONVERSION = YES_AGGRESSIVE;
				CLANG_CXX_LANGUAGE_STANDARD = "gnu++14";
				CLANG_CXX_LIBRARY = "libc++";
				CLANG_ENABLE_MODULES = YES;
				CLANG_ENABLE_OBJC_ARC = YES;
				CLANG_ENABLE_OBJC_WEAK = YES;
				CLANG_WARN_BLOCK_CAPTURE_AUTORELEASING = YES;
				CLANG_WARN_BOOL_CONVERSION = YES;
				CLANG_WARN_COMMA = YES;
				CLANG_WARN_CONSTANT_CONVERSION = YES;
				CLANG_WARN_DEPRECATED_OBJC_IMPLEMENTATIONS = YES;
				CLANG_WARN_DIRECT_OBJC_ISA_USAGE = YES_ERROR;
				CLANG_WARN_DOCUMENTATION_COMMENTS = YES;
				CLANG_WARN_EMPTY_BODY = YES;
				CLANG_WARN_ENUM_CONVERSION = YES;
				CLANG_WARN_INFINITE_RECURSION = YES;
				CLANG_WARN_INT_CONVERSION = YES;
				CLANG_WARN_NON_LITERAL_NULL_CONVERSION = YES;
				CLANG_WARN_OBJC_IMPLICIT_RETAIN_SELF = YES;
				CLANG_WARN_OBJC_LITERAL_CONVERSION = YES;
				CLANG_WARN_OBJC_ROOT_CLASS = YES_ERROR;
				CLANG_WARN_QUOTED_INCLUDE_IN_FRAMEWORK_HEADER = YES;
				CLANG_WARN_RANGE_LOOP_ANALYSIS = YES;
				CLANG_WARN_STRICT_PROTOTYPES = YES;
				CLANG_WARN_SUSPICIOUS_MOVE = YES;
				CLANG_WARN_UNGUARDED_AVAILABILITY = YES_AGGRESSIVE;
				CLANG_WARN_UNREACHABLE_CODE = YES;
				CLANG_WARN__DUPLICATE_METHOD_MATCH = YES;
				COPY_PHASE_STRIP = NO;
				DEBUG_INFORMATION_FORMAT = dwarf;
				ENABLE_STRICT_OBJC_MSGSEND = YES;
				ENABLE_TESTABILITY = YES;
				GCC_C_LANGUAGE_STANDARD = gnu11;
				GCC_DYNAMIC_NO_PIC = NO;
				GCC_NO_COMMON_BLOCKS = YES;
				GCC_OPTIMIZATION_LEVEL = 0;
				GCC_PREPROCESSOR_DEFINITIONS = (
					"DEBUG=1",
					"$(inherited)",
				);
				GCC_WARN_64_TO_32_BIT_CONVERSION = YES;
				GCC_WARN_ABOUT_RETURN_TYPE = YES_ERROR;
				GCC_WARN_UNDECLARED_SELECTOR = YES;
				GCC_WARN_UNINITIALIZED_AUTOS = YES_AGGRESSIVE;
				GCC_WARN_UNUSED_FUNCTION = YES;
				GCC_WARN_UNUSED_VARIABLE = YES;
				IPHONEOS_DEPLOYMENT_TARGET = 14.5;
				MTL_ENABLE_DEBUG_INFO = INCLUDE_SOURCE;
				MTL_FAST_MATH = YES;
				ONLY_ACTIVE_ARCH = YES;
				SDKROOT = iphoneos;
				SWIFT_ACTIVE_COMPILATION_CONDITIONS = DEBUG;
				SWIFT_OPTIMIZATION_LEVEL = "-Onone";
			};
			name = Debug;
		};
		DED1E5BE27118743006EA09D /* Release */ = {
			isa = XCBuildConfiguration;
			buildSettings = {
				ALWAYS_SEARCH_USER_PATHS = NO;
				CLANG_ANALYZER_NONNULL = YES;
				CLANG_ANALYZER_NUMBER_OBJECT_CONVERSION = YES_AGGRESSIVE;
				CLANG_CXX_LANGUAGE_STANDARD = "gnu++14";
				CLANG_CXX_LIBRARY = "libc++";
				CLANG_ENABLE_MODULES = YES;
				CLANG_ENABLE_OBJC_ARC = YES;
				CLANG_ENABLE_OBJC_WEAK = YES;
				CLANG_WARN_BLOCK_CAPTURE_AUTORELEASING = YES;
				CLANG_WARN_BOOL_CONVERSION = YES;
				CLANG_WARN_COMMA = YES;
				CLANG_WARN_CONSTANT_CONVERSION = YES;
				CLANG_WARN_DEPRECATED_OBJC_IMPLEMENTATIONS = YES;
				CLANG_WARN_DIRECT_OBJC_ISA_USAGE = YES_ERROR;
				CLANG_WARN_DOCUMENTATION_COMMENTS = YES;
				CLANG_WARN_EMPTY_BODY = YES;
				CLANG_WARN_ENUM_CONVERSION = YES;
				CLANG_WARN_INFINITE_RECURSION = YES;
				CLANG_WARN_INT_CONVERSION = YES;
				CLANG_WARN_NON_LITERAL_NULL_CONVERSION = YES;
				CLANG_WARN_OBJC_IMPLICIT_RETAIN_SELF = YES;
				CLANG_WARN_OBJC_LITERAL_CONVERSION = YES;
				CLANG_WARN_OBJC_ROOT_CLASS = YES_ERROR;
				CLANG_WARN_QUOTED_INCLUDE_IN_FRAMEWORK_HEADER = YES;
				CLANG_WARN_RANGE_LOOP_ANALYSIS = YES;
				CLANG_WARN_STRICT_PROTOTYPES = YES;
				CLANG_WARN_SUSPICIOUS_MOVE = YES;
				CLANG_WARN_UNGUARDED_AVAILABILITY = YES_AGGRESSIVE;
				CLANG_WARN_UNREACHABLE_CODE = YES;
				CLANG_WARN__DUPLICATE_METHOD_MATCH = YES;
				COPY_PHASE_STRIP = NO;
				DEBUG_INFORMATION_FORMAT = "dwarf-with-dsym";
				ENABLE_NS_ASSERTIONS = NO;
				ENABLE_STRICT_OBJC_MSGSEND = YES;
				GCC_C_LANGUAGE_STANDARD = gnu11;
				GCC_NO_COMMON_BLOCKS = YES;
				GCC_WARN_64_TO_32_BIT_CONVERSION = YES;
				GCC_WARN_ABOUT_RETURN_TYPE = YES_ERROR;
				GCC_WARN_UNDECLARED_SELECTOR = YES;
				GCC_WARN_UNINITIALIZED_AUTOS = YES_AGGRESSIVE;
				GCC_WARN_UNUSED_FUNCTION = YES;
				GCC_WARN_UNUSED_VARIABLE = YES;
				IPHONEOS_DEPLOYMENT_TARGET = 14.5;
				MTL_ENABLE_DEBUG_INFO = NO;
				MTL_FAST_MATH = YES;
				SDKROOT = iphoneos;
				SWIFT_COMPILATION_MODE = wholemodule;
				SWIFT_OPTIMIZATION_LEVEL = "-O";
				VALIDATE_PRODUCT = YES;
			};
			name = Release;
		};
		DED1E5C027118743006EA09D /* Debug */ = {
			isa = XCBuildConfiguration;
			baseConfigurationReference = BEF412341FC8EEA00AB155D7 /* Pods-COVID-19_HELPER.debug.xcconfig */;
			buildSettings = {
				ARCHS = (
					"$(ARCHS_STANDARD)",
					x86_64,
				);
				ASSETCATALOG_COMPILER_APPICON_NAME = AppIcon;
				ASSETCATALOG_COMPILER_GLOBAL_ACCENT_COLOR_NAME = AccentColor;
				CODE_SIGN_STYLE = Automatic;
				DEVELOPMENT_TEAM = 882B4FP598;
				"EXCLUDED_ARCHS[sdk=iphonesimulator*]" = "arm64 x86_64";
				INFOPLIST_FILE = "COVID-19_HELPER/Info.plist";
				LD_RUNPATH_SEARCH_PATHS = (
					"$(inherited)",
					"@executable_path/Frameworks",
				);
				PRODUCT_BUNDLE_IDENTIFIER = "kimjinwoo.COVID-19-HELPER";
				PRODUCT_NAME = "$(TARGET_NAME)";
				SUPPORTED_PLATFORMS = "iphonesimulator iphoneos";
				SWIFT_VERSION = 5.0;
				TARGETED_DEVICE_FAMILY = "1,2";
			};
			name = Debug;
		};
		DED1E5C127118743006EA09D /* Release */ = {
			isa = XCBuildConfiguration;
			baseConfigurationReference = 36075972A01DB1DA3EA675AE /* Pods-COVID-19_HELPER.release.xcconfig */;
			buildSettings = {
				ARCHS = (
					"$(ARCHS_STANDARD)",
					x86_64,
				);
				ASSETCATALOG_COMPILER_APPICON_NAME = AppIcon;
				ASSETCATALOG_COMPILER_GLOBAL_ACCENT_COLOR_NAME = AccentColor;
				CODE_SIGN_STYLE = Automatic;
				DEVELOPMENT_TEAM = 882B4FP598;
				"EXCLUDED_ARCHS[sdk=iphonesimulator*]" = "arm64 x86_64";
				INFOPLIST_FILE = "COVID-19_HELPER/Info.plist";
				LD_RUNPATH_SEARCH_PATHS = (
					"$(inherited)",
					"@executable_path/Frameworks",
				);
				PRODUCT_BUNDLE_IDENTIFIER = "kimjinwoo.COVID-19-HELPER";
				PRODUCT_NAME = "$(TARGET_NAME)";
				SUPPORTED_PLATFORMS = "iphonesimulator iphoneos";
				SWIFT_VERSION = 5.0;
				TARGETED_DEVICE_FAMILY = "1,2";
			};
			name = Release;
		};
/* End XCBuildConfiguration section */

/* Begin XCConfigurationList section */
		DED1E5A627118742006EA09D /* Build configuration list for PBXProject "COVID-19_HELPER" */ = {
			isa = XCConfigurationList;
			buildConfigurations = (
				DED1E5BD27118743006EA09D /* Debug */,
				DED1E5BE27118743006EA09D /* Release */,
			);
			defaultConfigurationIsVisible = 0;
			defaultConfigurationName = Release;
		};
		DED1E5BF27118743006EA09D /* Build configuration list for PBXNativeTarget "COVID-19_HELPER" */ = {
			isa = XCConfigurationList;
			buildConfigurations = (
				DED1E5C027118743006EA09D /* Debug */,
				DED1E5C127118743006EA09D /* Release */,
			);
			defaultConfigurationIsVisible = 0;
			defaultConfigurationName = Release;
		};
/* End XCConfigurationList section */
	};
	rootObject = DED1E5A327118742006EA09D /* Project object */;
}
